
Microsoft Visual Studio Solution File, Format Version 12.00
# Visual Studio Version 17
VisualStudioVersion = 17.3.32929.385
MinimumVisualStudioVersion = 10.0.40219.1
Project("{FAE04EC0-301F-11D3-BF4B-00C04F79EFBC}") = "MvcCar", "MvcCar\MvcCar.csproj", "{4B14EEEF-45C8-47E1-8CA3-F2F4A8322F10}"
EndProject
Global
	GlobalSection(SolutionConfigurationPlatforms) = preSolution
		Debug|Any CPU = Debug|Any CPU
		Release|Any CPU = Release|Any CPU
	EndGlobalSection
	GlobalSection(ProjectConfigurationPlatforms) = postSolution
		{4B14EEEF-45C8-47E1-8CA3-F2F4A8322F10}.Debug|Any CPU.ActiveCfg = Debug|Any CPU
		{4B14EEEF-45C8-47E1-8CA3-F2F4A8322F10}.Debug|Any CPU.Build.0 = Debug|Any CPU
		{4B14EEEF-45C8-47E1-8CA3-F2F4A8322F10}.Release|Any CPU.ActiveCfg = Release|Any CPU
		{4B14EEEF-45C8-47E1-8CA3-F2F4A8322F10}.Release|Any CPU.Build.0 = Release|Any CPU
	EndGlobalSection
	GlobalSection(SolutionProperties) = preSolution
		HideSolutionNode = FALSE
	EndGlobalSection
	GlobalSection(ExtensibilityGlobals) = postSolution
		SolutionGuid = {FF57DD85-5E64-4312-8FC2-A2062835433C}
	EndGlobalSection
EndGlobal
